
Microsoft Visual Studio Solution File, Format Version 12.00
# Visual Studio Version 17
VisualStudioVersion = 17.12.35527.113
MinimumVisualStudioVersion = 10.0.40219.1
Project("{FAE04EC0-301F-11D3-BF4B-00C04F79EFBC}") = "API", "API\API.csproj", "{01BBD1D5-09DE-4D02-AD11-0258A11F16F5}"
EndProject
Project("{FAE04EC0-301F-11D3-BF4B-00C04F79EFBC}") = "Application", "Application\Application.csproj", "{55FF0485-2351-4B6F-87F7-16BA3395EAA4}"
EndProject
Project("{FAE04EC0-301F-11D3-BF4B-00C04F79EFBC}") = "Infrastructure", "Infrastructure\Infrastructure.csproj", "{FF13DA7B-B464-4F17-A37B-745EFDBC3295}"
EndProject
Project("{FAE04EC0-301F-11D3-BF4B-00C04F79EFBC}") = "Domain", "Domain\Domain.csproj", "{E716CDE8-F3D5-452B-A22B-12238491D765}"
EndProject
Project("{FAE04EC0-301F-11D3-BF4B-00C04F79EFBC}") = "Tests", "Tests\Tests.csproj", "{41911969-E77F-4F5B-97E2-0188CE26AB91}"
EndProject
Global
	GlobalSection(SolutionConfigurationPlatforms) = preSolution
		Debug|Any CPU = Debug|Any CPU
		Release|Any CPU = Release|Any CPU
	EndGlobalSection
	GlobalSection(ProjectConfigurationPlatforms) = postSolution
		{01BBD1D5-09DE-4D02-AD11-0258A11F16F5}.Debug|Any CPU.ActiveCfg = Debug|Any CPU
		{01BBD1D5-09DE-4D02-AD11-0258A11F16F5}.Debug|Any CPU.Build.0 = Debug|Any CPU
		{01BBD1D5-09DE-4D02-AD11-0258A11F16F5}.Release|Any CPU.ActiveCfg = Release|Any CPU
		{01BBD1D5-09DE-4D02-AD11-0258A11F16F5}.Release|Any CPU.Build.0 = Release|Any CPU
		{55FF0485-2351-4B6F-87F7-16BA3395EAA4}.Debug|Any CPU.ActiveCfg = Debug|Any CPU
		{55FF0485-2351-4B6F-87F7-16BA3395EAA4}.Debug|Any CPU.Build.0 = Debug|Any CPU
		{55FF0485-2351-4B6F-87F7-16BA3395EAA4}.Release|Any CPU.ActiveCfg = Release|Any CPU
		{55FF0485-2351-4B6F-87F7-16BA3395EAA4}.Release|Any CPU.Build.0 = Release|Any CPU
		{FF13DA7B-B464-4F17-A37B-745EFDBC3295}.Debug|Any CPU.ActiveCfg = Debug|Any CPU
		{FF13DA7B-B464-4F17-A37B-745EFDBC3295}.Debug|Any CPU.Build.0 = Debug|Any CPU
		{FF13DA7B-B464-4F17-A37B-745EFDBC3295}.Release|Any CPU.ActiveCfg = Release|Any CPU
		{FF13DA7B-B464-4F17-A37B-745EFDBC3295}.Release|Any CPU.Build.0 = Release|Any CPU
		{E716CDE8-F3D5-452B-A22B-12238491D765}.Debug|Any CPU.ActiveCfg = Debug|Any CPU
		{E716CDE8-F3D5-452B-A22B-12238491D765}.Debug|Any CPU.Build.0 = Debug|Any CPU
		{E716CDE8-F3D5-452B-A22B-12238491D765}.Release|Any CPU.ActiveCfg = Release|Any CPU
		{E716CDE8-F3D5-452B-A22B-12238491D765}.Release|Any CPU.Build.0 = Release|Any CPU
		{41911969-E77F-4F5B-97E2-0188CE26AB91}.Debug|Any CPU.ActiveCfg = Debug|Any CPU
		{41911969-E77F-4F5B-97E2-0188CE26AB91}.Debug|Any CPU.Build.0 = Debug|Any CPU
		{41911969-E77F-4F5B-97E2-0188CE26AB91}.Release|Any CPU.ActiveCfg = Release|Any CPU
		{41911969-E77F-4F5B-97E2-0188CE26AB91}.Release|Any CPU.Build.0 = Release|Any CPU
	EndGlobalSection
	GlobalSection(SolutionProperties) = preSolution
		HideSolutionNode = FALSE
	EndGlobalSection
EndGlobal
